
Microsoft Visual Studio Solution File, Format Version 12.00
# Visual Studio Version 16
VisualStudioVersion = 16.0.31729.503
MinimumVisualStudioVersion = 10.0.40219.1
Project("{FAE04EC0-301F-11D3-BF4B-00C04F79EFBC}") = "WaterWorld", "WaterWorld\WaterWorld.csproj", "{B650ABE5-BB49-4DCF-8288-31F04B330265}"
EndProject
Global
	GlobalSection(SolutionConfigurationPlatforms) = preSolution
		Debug|Any CPU = Debug|Any CPU
		Release|Any CPU = Release|Any CPU
	EndGlobalSection
	GlobalSection(ProjectConfigurationPlatforms) = postSolution
		{B650ABE5-BB49-4DCF-8288-31F04B330265}.Debug|Any CPU.ActiveCfg = Debug|Any CPU
		{B650ABE5-BB49-4DCF-8288-31F04B330265}.Debug|Any CPU.Build.0 = Debug|Any CPU
		{B650ABE5-BB49-4DCF-8288-31F04B330265}.Release|Any CPU.ActiveCfg = Release|Any CPU
		{B650ABE5-BB49-4DCF-8288-31F04B330265}.Release|Any CPU.Build.0 = Release|Any CPU
	EndGlobalSection
	GlobalSection(SolutionProperties) = preSolution
		HideSolutionNode = FALSE
	EndGlobalSection
	GlobalSection(ExtensibilityGlobals) = postSolution
		SolutionGuid = {D4705E75-3742-4DEF-871A-5E69A6F7065D}
	EndGlobalSection
EndGlobal
